
Microsoft Visual Studio Solution File, Format Version 12.00
# Visual Studio Version 17
VisualStudioVersion = 17.5.33424.131
MinimumVisualStudioVersion = 10.0.40219.1
Project("{8BC9CEB8-8B4A-11D0-8D11-00A0C91BC942}") = "наследование", "наследование.vcxproj", "{4BBAC648-06E7-41AE-B407-5F9C09303BC0}"
EndProject
Global
	GlobalSection(SolutionConfigurationPlatforms) = preSolution
		Debug|x64 = Debug|x64
		Debug|x86 = Debug|x86
		Release|x64 = Release|x64
		Release|x86 = Release|x86
	EndGlobalSection
	GlobalSection(ProjectConfigurationPlatforms) = postSolution
		{4BBAC648-06E7-41AE-B407-5F9C09303BC0}.Debug|x64.ActiveCfg = Debug|x64
		{4BBAC648-06E7-41AE-B407-5F9C09303BC0}.Debug|x64.Build.0 = Debug|x64
		{4BBAC648-06E7-41AE-B407-5F9C09303BC0}.Debug|x86.ActiveCfg = Debug|Win32
		{4BBAC648-06E7-41AE-B407-5F9C09303BC0}.Debug|x86.Build.0 = Debug|Win32
		{4BBAC648-06E7-41AE-B407-5F9C09303BC0}.Release|x64.ActiveCfg = Release|x64
		{4BBAC648-06E7-41AE-B407-5F9C09303BC0}.Release|x64.Build.0 = Release|x64
		{4BBAC648-06E7-41AE-B407-5F9C09303BC0}.Release|x86.ActiveCfg = Release|Win32
		{4BBAC648-06E7-41AE-B407-5F9C09303BC0}.Release|x86.Build.0 = Release|Win32
	EndGlobalSection
	GlobalSection(SolutionProperties) = preSolution
		HideSolutionNode = FALSE
	EndGlobalSection
	GlobalSection(ExtensibilityGlobals) = postSolution
		SolutionGuid = {530893D6-3FB5-4443-9ACA-B4F2DF0EC32F}
	EndGlobalSection
EndGlobal
